
Microsoft Visual Studio Solution File, Format Version 12.00
# Visual Studio Version 16
VisualStudioVersion = 16.0.30002.166
MinimumVisualStudioVersion = 10.0.40219.1
Project("{888888A0-9F3D-457C-B088-3A5042F75D52}") = "program_2", "program_2\program_2.pyproj", "{40057F53-6648-4EB1-BFEF-567C4AE12130}"
EndProject
Global
	GlobalSection(SolutionConfigurationPlatforms) = preSolution
		Debug|Any CPU = Debug|Any CPU
		Release|Any CPU = Release|Any CPU
	EndGlobalSection
	GlobalSection(ProjectConfigurationPlatforms) = postSolution
		{40057F53-6648-4EB1-BFEF-567C4AE12130}.Debug|Any CPU.ActiveCfg = Debug|Any CPU
		{40057F53-6648-4EB1-BFEF-567C4AE12130}.Release|Any CPU.ActiveCfg = Release|Any CPU
	EndGlobalSection
	GlobalSection(SolutionProperties) = preSolution
		HideSolutionNode = FALSE
	EndGlobalSection
	GlobalSection(ExtensibilityGlobals) = postSolution
		SolutionGuid = {D57BCC38-0C1A-49C4-ABBE-E3A79D7344B0}
	EndGlobalSection
EndGlobal
